// !$*UTF8*$!
{
	archiveVersion = 1;
	classes = {
	};
	objectVersion = 46;
	objects = {

/* Begin PBXBuildFile section */
		C2E0B5441E94872700C3F569 /* main.m in Sources */ = {isa = PBXBuildFile; fileRef = C2E0B5431E94872700C3F569 /* main.m */; };
		C2E0B5471E94872700C3F569 /* AppDelegate.m in Sources */ = {isa = PBXBuildFile; fileRef = C2E0B5461E94872700C3F569 /* AppDelegate.m */; };
		C2E0B54A1E94872700C3F569 /* ViewController.m in Sources */ = {isa = PBXBuildFile; fileRef = C2E0B5491E94872700C3F569 /* ViewController.m */; };
		C2E0B54D1E94872700C3F569 /* Main.storyboard in Resources */ = {isa = PBXBuildFile; fileRef = C2E0B54B1E94872700C3F569 /* Main.storyboard */; };
		C2E0B54F1E94872700C3F569 /* Assets.xcassets in Resources */ = {isa = PBXBuildFile; fileRef = C2E0B54E1E94872700C3F569 /* Assets.xcassets */; };
		C2E0B5521E94872700C3F569 /* LaunchScreen.storyboard in Resources */ = {isa = PBXBuildFile; fileRef = C2E0B5501E94872700C3F569 /* LaunchScreen.storyboard */; };
		C2E0B55B1E948A9400C3F569 /* NetworkManager.m in Sources */ = {isa = PBXBuildFile; fileRef = C2E0B55A1E948A9400C3F569 /* NetworkManager.m */; };
		F4ABCA1B76691E1BB69C434C /* libPods-JFNetworking.a in Frameworks */ = {isa = PBXBuildFile; fileRef = DB1E2730AC3EBC4E02C53212 /* libPods-JFNetworking.a */; };
/* End PBXBuildFile section */

/* Begin PBXFileReference section */
		A84470D356D674885C4A3738 /* Pods-JFNetworking.release.xcconfig */ = {isa = PBXFileReference; includeInIndex = 1; lastKnownFileType = text.xcconfig; name = "Pods-JFNetworking.release.xcconfig"; path = "Pods/Target Support Files/Pods-JFNetworking/Pods-JFNetworking.release.xcconfig"; sourceTree = "<group>"; };
		C2E0B53F1E94872700C3F569 /* JFNetworking.app */ = {isa = PBXFileReference; explicitFileType = wrapper.application; includeInIndex = 0; path = JFNetworking.app; sourceTree = BUILT_PRODUCTS_DIR; };
		C2E0B5431E94872700C3F569 /* main.m */ = {isa = PBXFileReference; lastKnownFileType = sourcecode.c.objc; path = main.m; sourceTree = "<group>"; };
		C2E0B5451E94872700C3F569 /* AppDelegate.h */ = {isa = PBXFileReference; lastKnownFileType = sourcecode.c.h; path = AppDelegate.h; sourceTree = "<group>"; };
		C2E0B5461E94872700C3F569 /* AppDelegate.m */ = {isa = PBXFileReference; lastKnownFileType = sourcecode.c.objc; path = AppDelegate.m; sourceTree = "<group>"; };
		C2E0B5481E94872700C3F569 /* ViewController.h */ = {isa = PBXFileReference; lastKnownFileType = sourcecode.c.h; path = ViewController.h; sourceTree = "<group>"; };
		C2E0B5491E94872700C3F569 /* ViewController.m */ = {isa = PBXFileReference; lastKnownFileType = sourcecode.c.objc; path = ViewController.m; sourceTree = "<group>"; };
		C2E0B54C1E94872700C3F569 /* Base */ = {isa = PBXFileReference; lastKnownFileType = file.storyboard; name = Base; path = Base.lproj/Main.storyboard; sourceTree = "<group>"; };
		C2E0B54E1E94872700C3F569 /* Assets.xcassets */ = {isa = PBXFileReference; lastKnownFileType = folder.assetcatalog; path = Assets.xcassets; sourceTree = "<group>"; };
		C2E0B5511E94872700C3F569 /* Base */ = {isa = PBXFileReference; lastKnownFileType = file.storyboard; name = Base; path = Base.lproj/LaunchScreen.storyboard; sourceTree = "<group>"; };
		C2E0B5531E94872700C3F569 /* Info.plist */ = {isa = PBXFileReference; lastKnownFileType = text.plist.xml; path = Info.plist; sourceTree = "<group>"; };
		C2E0B5591E948A9400C3F569 /* NetworkManager.h */ = {isa = PBXFileReference; fileEncoding = 4; lastKnownFileType = sourcecode.c.h; path = NetworkManager.h; sourceTree = "<group>"; };
		C2E0B55A1E948A9400C3F569 /* NetworkManager.m */ = {isa = PBXFileReference; fileEncoding = 4; lastKnownFileType = sourcecode.c.objc; path = NetworkManager.m; sourceTree = "<group>"; };
		DB1E2730AC3EBC4E02C53212 /* libPods-JFNetworking.a */ = {isa = PBXFileReference; explicitFileType = archive.ar; includeInIndex = 0; path = "libPods-JFNetworking.a"; sourceTree = BUILT_PRODUCTS_DIR; };
		FC7228DBF7B9DC9C9E0B9C13 /* Pods-JFNetworking.debug.xcconfig */ = {isa = PBXFileReference; includeInIndex = 1; lastKnownFileType = text.xcconfig; name = "Pods-JFNetworking.debug.xcconfig"; path = "Pods/Target Support Files/Pods-JFNetworking/Pods-JFNetworking.debug.xcconfig"; sourceTree = "<group>"; };
/* End PBXFileReference section */

/* Begin PBXFrameworksBuildPhase section */
		C2E0B53C1E94872700C3F569 /* Frameworks */ = {
			isa = PBXFrameworksBuildPhase;
			buildActionMask = 2147483647;
			files = (
				F4ABCA1B76691E1BB69C434C /* libPods-JFNetworking.a in Frameworks */,
			);
			runOnlyForDeploymentPostprocessing = 0;
		};
/* End PBXFrameworksBuildPhase section */

/* Begin PBXGroup section */
		36FAAC3ACD29C1AF553F079F /* Frameworks */ = {
			isa = PBXGroup;
			children = (
				DB1E2730AC3EBC4E02C53212 /* libPods-JFNetworking.a */,
			);
			name = Frameworks;
			sourceTree = "<group>";
		};
		6001C11BD8F6387A494A7766 /* Pods */ = {
			isa = PBXGroup;
			children = (
				FC7228DBF7B9DC9C9E0B9C13 /* Pods-JFNetworking.debug.xcconfig */,
				A84470D356D674885C4A3738 /* Pods-JFNetworking.release.xcconfig */,
			);
			name = Pods;
			sourceTree = "<group>";
		};
		C2E0B5361E94872700C3F569 = {
			isa = PBXGroup;
			children = (
				C2E0B5411E94872700C3F569 /* JFNetworking */,
				C2E0B5401E94872700C3F569 /* Products */,
				6001C11BD8F6387A494A7766 /* Pods */,
				36FAAC3ACD29C1AF553F079F /* Frameworks */,
			);
			sourceTree = "<group>";
		};
		C2E0B5401E94872700C3F569 /* Products */ = {
			isa = PBXGroup;
			children = (
				C2E0B53F1E94872700C3F569 /* JFNetworking.app */,
			);
			name = Products;
			sourceTree = "<group>";
		};
		C2E0B5411E94872700C3F569 /* JFNetworking */ = {
			isa = PBXGroup;
			children = (
				C2E0B5451E94872700C3F569 /* AppDelegate.h */,
				C2E0B5461E94872700C3F569 /* AppDelegate.m */,
				C2E0B5481E94872700C3F569 /* ViewController.h */,
				C2E0B5491E94872700C3F569 /* ViewController.m */,
				C2E0B5591E948A9400C3F569 /* NetworkManager.h */,
				C2E0B55A1E948A9400C3F569 /* NetworkManager.m */,
				C2E0B54B1E94872700C3F569 /* Main.storyboard */,
				C2E0B54E1E94872700C3F569 /* Assets.xcassets */,
				C2E0B5501E94872700C3F569 /* LaunchScreen.storyboard */,
				C2E0B5531E94872700C3F569 /* Info.plist */,
				C2E0B5421E94872700C3F569 /* Supporting Files */,
			);
			path = JFNetworking;
			sourceTree = "<group>";
		};
		C2E0B5421E94872700C3F569 /* Supporting Files */ = {
			isa = PBXGroup;
			children = (
				C2E0B5431E94872700C3F569 /* main.m */,
			);
			name = "Supporting Files";
			sourceTree = "<group>";
		};
/* End PBXGroup section */

/* Begin PBXNativeTarget section */
		C2E0B53E1E94872700C3F569 /* JFNetworking */ = {
			isa = PBXNativeTarget;
			buildConfigurationList = C2E0B5561E94872700C3F569 /* Build configuration list for PBXNativeTarget "JFNetworking" */;
			buildPhases = (
				8D614EAF529AFA954A48ADB7 /* [CP] Check Pods Manifest.lock */,
				C2E0B53B1E94872700C3F569 /* Sources */,
				C2E0B53C1E94872700C3F569 /* Frameworks */,
				C2E0B53D1E94872700C3F569 /* Resources */,
				06D856BC0CA2930E1EEF6E90 /* [CP] Embed Pods Frameworks */,
				BA30DFA77492B4B844F3AD5C /* [CP] Copy Pods Resources */,
			);
			buildRules = (
			);
			dependencies = (
			);
			name = JFNetworking;
			productName = JFNetworking;
			productReference = C2E0B53F1E94872700C3F569 /* JFNetworking.app */;
			productType = "com.apple.product-type.application";
		};
/* End PBXNativeTarget section */

/* Begin PBXProject section */
		C2E0B5371E94872700C3F569 /* Project object */ = {
			isa = PBXProject;
			attributes = {
				LastUpgradeCheck = 0830;
				ORGANIZATIONNAME = Terminator;
				TargetAttributes = {
					C2E0B53E1E94872700C3F569 = {
						CreatedOnToolsVersion = 8.3;
						ProvisioningStyle = Automatic;
					};
				};
			};
			buildConfigurationList = C2E0B53A1E94872700C3F569 /* Build configuration list for PBXProject "JFNetworking" */;
			compatibilityVersion = "Xcode 3.2";
			developmentRegion = English;
			hasScannedForEncodings = 0;
			knownRegions = (
				en,
				Base,
			);
			mainGroup = C2E0B5361E94872700C3F569;
			productRefGroup = C2E0B5401E94872700C3F569 /* Products */;
			projectDirPath = "";
			projectRoot = "";
			targets = (
				C2E0B53E1E94872700C3F569 /* JFNetworking */,
			);
		};
/* End PBXProject section */

/* Begin PBXResourcesBuildPhase section */
		C2E0B53D1E94872700C3F569 /* Resources */ = {
			isa = PBXResourcesBuildPhase;
			buildActionMask = 2147483647;
			files = (
				C2E0B5521E94872700C3F569 /* LaunchScreen.storyboard in Resources */,
				C2E0B54F1E94872700C3F569 /* Assets.xcassets in Resources */,
				C2E0B54D1E94872700C3F569 /* Main.storyboard in Resources */,
			);
			runOnlyForDeploymentPostprocessing = 0;
		};
/* End PBXResourcesBuildPhase section */

/* Begin PBXShellScriptBuildPhase section */
		06D856BC0CA2930E1EEF6E90 /* [CP] Embed Pods Frameworks */ = {
			isa = PBXShellScriptBuildPhase;
			buildActionMask = 2147483647;
			files = (
			);
			inputPaths = (
			);
			name = "[CP] Embed Pods Frameworks";
			outputPaths = (
			);
			runOnlyForDeploymentPostprocessing = 0;
			shellPath = /bin/sh;
			shellScript = "\"${SRCROOT}/Pods/Target Support Files/Pods-JFNetworking/Pods-JFNetworking-frameworks.sh\"\n";
			showEnvVarsInLog = 0;
		};
		8D614EAF529AFA954A48ADB7 /* [CP] Check Pods Manifest.lock */ = {
			isa = PBXShellScriptBuildPhase;
			buildActionMask = 2147483647;
			files = (
			);
			inputPaths = (
			);
			name = "[CP] Check Pods Manifest.lock";
			outputPaths = (
			);
			runOnlyForDeploymentPostprocessing = 0;
			shellPath = /bin/sh;
			shellScript = "diff \"${PODS_ROOT}/../Podfile.lock\" \"${PODS_ROOT}/Manifest.lock\" > /dev/null\nif [ $? != 0 ] ; then\n    # print error to STDERR\n    echo \"error: The sandbox is not in sync with the Podfile.lock. Run 'pod install' or update your CocoaPods installation.\" >&2\n    exit 1\nfi\n";
			showEnvVarsInLog = 0;
		};
		BA30DFA77492B4B844F3AD5C /* [CP] Copy Pods Resources */ = {
			isa = PBXShellScriptBuildPhase;
			buildActionMask = 2147483647;
			files = (
			);
			inputPaths = (
			);
			name = "[CP] Copy Pods Resources";
			outputPaths = (
			);
			runOnlyForDeploymentPostprocessing = 0;
			shellPath = /bin/sh;
			shellScript = "\"${SRCROOT}/Pods/Target Support Files/Pods-JFNetworking/Pods-JFNetworking-resources.sh\"\n";
			showEnvVarsInLog = 0;
		};
/* End PBXShellScriptBuildPhase section */

/* Begin PBXSourcesBuildPhase section */
		C2E0B53B1E94872700C3F569 /* Sources */ = {
			isa = PBXSourcesBuildPhase;
			buildActionMask = 2147483647;
			files = (
				C2E0B55B1E948A9400C3F569 /* NetworkManager.m in Sources */,
				C2E0B54A1E94872700C3F569 /* ViewController.m in Sources */,
				C2E0B5471E94872700C3F569 /* AppDelegate.m in Sources */,
				C2E0B5441E94872700C3F569 /* main.m in Sources */,
			);
			runOnlyForDeploymentPostprocessing = 0;
		};
/* End PBXSourcesBuildPhase section */

/* Begin PBXVariantGroup section */
		C2E0B54B1E94872700C3F569 /* Main.storyboard */ = {
			isa = PBXVariantGroup;
			children = (
				C2E0B54C1E94872700C3F569 /* Base */,
			);
			name = Main.storyboard;
			sourceTree = "<group>";
		};
		C2E0B5501E94872700C3F569 /* LaunchScreen.storyboard */ = {
			isa = PBXVariantGroup;
			children = (
				C2E0B5511E94872700C3F569 /* Base */,
			);
			name = LaunchScreen.storyboard;
			sourceTree = "<group>";
		};
/* End PBXVariantGroup section */

/* Begin XCBuildConfiguration section */
		C2E0B5541E94872700C3F569 /* Debug */ = {
			isa = XCBuildConfiguration;
			buildSettings = {
				ALWAYS_SEARCH_USER_PATHS = NO;
				CLANG_ANALYZER_NONNULL = YES;
				CLANG_ANALYZER_NUMBER_OBJECT_CONVERSION = YES_AGGRESSIVE;
				CLANG_CXX_LANGUAGE_STANDARD = "gnu++0x";
				CLANG_CXX_LIBRARY = "libc++";
				CLANG_ENABLE_MODULES = YES;
				CLANG_ENABLE_OBJC_ARC = YES;
				CLANG_WARN_BOOL_CONVERSION = YES;
				CLANG_WARN_CONSTANT_CONVERSION = YES;
				CLANG_WARN_DIRECT_OBJC_ISA_USAGE = YES_ERROR;
				CLANG_WARN_DOCUMENTATION_COMMENTS = YES;
				CLANG_WARN_EMPTY_BODY = YES;
				CLANG_WARN_ENUM_CONVERSION = YES;
				CLANG_WARN_INFINITE_RECURSION = YES;
				CLANG_WARN_INT_CONVERSION = YES;
				CLANG_WARN_OBJC_ROOT_CLASS = YES_ERROR;
				CLANG_WARN_SUSPICIOUS_MOVE = YES;
				CLANG_WARN_UNREACHABLE_CODE = YES;
				CLANG_WARN__DUPLICATE_METHOD_MATCH = YES;
				"CODE_SIGN_IDENTITY[sdk=iphoneos*]" = "iPhone Developer";
				COPY_PHASE_STRIP = NO;
				DEBUG_INFORMATION_FORMAT = dwarf;
				ENABLE_STRICT_OBJC_MSGSEND = YES;
				ENABLE_TESTABILITY = YES;
				GCC_C_LANGUAGE_STANDARD = gnu99;
				GCC_DYNAMIC_NO_PIC = NO;
				GCC_NO_COMMON_BLOCKS = YES;
				GCC_OPTIMIZATION_LEVEL = 0;
				GCC_PREPROCESSOR_DEFINITIONS = (
					"DEBUG=1",
					"$(inherited)",
				);
				GCC_WARN_64_TO_32_BIT_CONVERSION = YES;
				GCC_WARN_ABOUT_RETURN_TYPE = YES_ERROR;
				GCC_WARN_UNDECLARED_SELECTOR = YES;
				GCC_WARN_UNINITIALIZED_AUTOS = YES_AGGRESSIVE;
				GCC_WARN_UNUSED_FUNCTION = YES;
				GCC_WARN_UNUSED_VARIABLE = YES;
				IPHONEOS_DEPLOYMENT_TARGET = 10.3;
				MTL_ENABLE_DEBUG_INFO = YES;
				ONLY_ACTIVE_ARCH = YES;
				SDKROOT = iphoneos;
			};
			name = Debug;
		};
		C2E0B5551E94872700C3F569 /* Release */ = {
			isa = XCBuildConfiguration;
			buildSettings = {
				ALWAYS_SEARCH_USER_PATHS = NO;
				CLANG_ANALYZER_NONNULL = YES;
				CLANG_ANALYZER_NUMBER_OBJECT_CONVERSION = YES_AGGRESSIVE;
				CLANG_CXX_LANGUAGE_STANDARD = "gnu++0x";
				CLANG_CXX_LIBRARY = "libc++";
				CLANG_ENABLE_MODULES = YES;
				CLANG_ENABLE_OBJC_ARC = YES;
				CLANG_WARN_BOOL_CONVERSION = YES;
				CLANG_WARN_CONSTANT_CONVERSION = YES;
				CLANG_WARN_DIRECT_OBJC_ISA_USAGE = YES_ERROR;
				CLANG_WARN_DOCUMENTATION_COMMENTS = YES;
				CLANG_WARN_EMPTY_BODY = YES;
				CLANG_WARN_ENUM_CONVERSION = YES;
				CLANG_WARN_INFINITE_RECURSION = YES;
				CLANG_WARN_INT_CONVERSION = YES;
				CLANG_WARN_OBJC_ROOT_CLASS = YES_ERROR;
				CLANG_WARN_SUSPICIOUS_MOVE = YES;
				CLANG_WARN_UNREACHABLE_CODE = YES;
				CLANG_WARN__DUPLICATE_METHOD_MATCH = YES;
				"CODE_SIGN_IDENTITY[sdk=iphoneos*]" = "iPhone Developer";
				COPY_PHASE_STRIP = NO;
				DEBUG_INFORMATION_FORMAT = "dwarf-with-dsym";
				ENABLE_NS_ASSERTIONS = NO;
				ENABLE_STRICT_OBJC_MSGSEND = YES;
				GCC_C_LANGUAGE_STANDARD = gnu99;
				GCC_NO_COMMON_BLOCKS = YES;
				GCC_WARN_64_TO_32_BIT_CONVERSION = YES;
				GCC_WARN_ABOUT_RETURN_TYPE = YES_ERROR;
				GCC_WARN_UNDECLARED_SELECTOR = YES;
				GCC_WARN_UNINITIALIZED_AUTOS = YES_AGGRESSIVE;
				GCC_WARN_UNUSED_FUNCTION = YES;
				GCC_WARN_UNUSED_VARIABLE = YES;
				IPHONEOS_DEPLOYMENT_TARGET = 10.3;
				MTL_ENABLE_DEBUG_INFO = NO;
				SDKROOT = iphoneos;
				VALIDATE_PRODUCT = YES;
			};
			name = Release;
		};
		C2E0B5571E94872700C3F569 /* Debug */ = {
			isa = XCBuildConfiguration;
			baseConfigurationReference = FC7228DBF7B9DC9C9E0B9C13 /* Pods-JFNetworking.debug.xcconfig */;
			buildSettings = {
				ASSETCATALOG_COMPILER_APPICON_NAME = AppIcon;
				INFOPLIST_FILE = JFNetworking/Info.plist;
				LD_RUNPATH_SEARCH_PATHS = "$(inherited) @executable_path/Frameworks";
				PRODUCT_BUNDLE_IDENTIFIER = com.su.JFNetworking;
				PRODUCT_NAME = "$(TARGET_NAME)";
			};
			name = Debug;
		};
		C2E0B5581E94872700C3F569 /* Release */ = {
			isa = XCBuildConfiguration;
			baseConfigurationReference = A84470D356D674885C4A3738 /* Pods-JFNetworking.release.xcconfig */;
			buildSettings = {
				ASSETCATALOG_COMPILER_APPICON_NAME = AppIcon;
				INFOPLIST_FILE = JFNetworking/Info.plist;
				LD_RUNPATH_SEARCH_PATHS = "$(inherited) @executable_path/Frameworks";
				PRODUCT_BUNDLE_IDENTIFIER = com.su.JFNetworking;
				PRODUCT_NAME = "$(TARGET_NAME)";
			};
			name = Release;
		};
/* End XCBuildConfiguration section */

/* Begin XCConfigurationList section */
		C2E0B53A1E94872700C3F569 /* Build configuration list for PBXProject "JFNetworking" */ = {
			isa = XCConfigurationList;
			buildConfigurations = (
				C2E0B5541E94872700C3F569 /* Debug */,
				C2E0B5551E94872700C3F569 /* Release */,
			);
			defaultConfigurationIsVisible = 0;
			defaultConfigurationName = Release;
		};
		C2E0B5561E94872700C3F569 /* Build configuration list for PBXNativeTarget "JFNetworking" */ = {
			isa = XCConfigurationList;
			buildConfigurations = (
				C2E0B5571E94872700C3F569 /* Debug */,
				C2E0B5581E94872700C3F569 /* Release */,
			);
			defaultConfigurationIsVisible = 0;
			defaultConfigurationName = Release;
		};
/* End XCConfigurationList section */
	};
	rootObject = C2E0B5371E94872700C3F569 /* Project object */;
}
